// !$*UTF8*$!
{
	archiveVersion = 1;
	classes = {
	};
	objectVersion = 56;
	objects = {

/* Begin PBXBuildFile section */
		6018FD57290E32E300DE65FA /* InfinityApp.swift in Sources */ = {isa = PBXBuildFile; fileRef = 6018FD56290E32E300DE65FA /* InfinityApp.swift */; };
		6018FD59290E32E300DE65FA /* ContentView.swift in Sources */ = {isa = PBXBuildFile; fileRef = 6018FD58290E32E300DE65FA /* ContentView.swift */; };
		6018FD5B290E32E400DE65FA /* Assets.xcassets in Resources */ = {isa = PBXBuildFile; fileRef = 6018FD5A290E32E400DE65FA /* Assets.xcassets */; };
		6018FD5F290E32E400DE65FA /* Preview Assets.xcassets in Resources */ = {isa = PBXBuildFile; fileRef = 6018FD5E290E32E400DE65FA /* Preview Assets.xcassets */; };
		6018FD69290E32E400DE65FA /* InfinityTests.swift in Sources */ = {isa = PBXBuildFile; fileRef = 6018FD68290E32E400DE65FA /* InfinityTests.swift */; };
		6018FD73290E32E400DE65FA /* InfinityUITests.swift in Sources */ = {isa = PBXBuildFile; fileRef = 6018FD72290E32E400DE65FA /* InfinityUITests.swift */; };
		6018FD75290E32E400DE65FA /* InfinityUITestsLaunchTests.swift in Sources */ = {isa = PBXBuildFile; fileRef = 6018FD74290E32E400DE65FA /* InfinityUITestsLaunchTests.swift */; };
		6018FD82290E37DE00DE65FA /* GrowingButton.swift in Sources */ = {isa = PBXBuildFile; fileRef = 6018FD81290E37DE00DE65FA /* GrowingButton.swift */; };
		6018FD84290E3F4700DE65FA /* GradientButton.swift in Sources */ = {isa = PBXBuildFile; fileRef = 6018FD83290E3F4700DE65FA /* GradientButton.swift */; };
/* End PBXBuildFile section */

/* Begin PBXContainerItemProxy section */
		6018FD65290E32E400DE65FA /* PBXContainerItemProxy */ = {
			isa = PBXContainerItemProxy;
			containerPortal = 6018FD4B290E32E300DE65FA /* Project object */;
			proxyType = 1;
			remoteGlobalIDString = 6018FD52290E32E300DE65FA;
			remoteInfo = Infinity;
		};
		6018FD6F290E32E400DE65FA /* PBXContainerItemProxy */ = {
			isa = PBXContainerItemProxy;
			containerPortal = 6018FD4B290E32E300DE65FA /* Project object */;
			proxyType = 1;
			remoteGlobalIDString = 6018FD52290E32E300DE65FA;
			remoteInfo = Infinity;
		};
/* End PBXContainerItemProxy section */

/* Begin PBXFileReference section */
		6018FD53290E32E300DE65FA /* Infinity.app */ = {isa = PBXFileReference; explicitFileType = wrapper.application; includeInIndex = 0; path = Infinity.app; sourceTree = BUILT_PRODUCTS_DIR; };
		6018FD56290E32E300DE65FA /* InfinityApp.swift */ = {isa = PBXFileReference; lastKnownFileType = sourcecode.swift; path = InfinityApp.swift; sourceTree = "<group>"; };
		6018FD58290E32E300DE65FA /* ContentView.swift */ = {isa = PBXFileReference; lastKnownFileType = sourcecode.swift; path = ContentView.swift; sourceTree = "<group>"; };
		6018FD5A290E32E400DE65FA /* Assets.xcassets */ = {isa = PBXFileReference; lastKnownFileType = folder.assetcatalog; path = Assets.xcassets; sourceTree = "<group>"; };
		6018FD5C290E32E400DE65FA /* Infinity.entitlements */ = {isa = PBXFileReference; lastKnownFileType = text.plist.entitlements; path = Infinity.entitlements; sourceTree = "<group>"; };
		6018FD5E290E32E400DE65FA /* Preview Assets.xcassets */ = {isa = PBXFileReference; lastKnownFileType = folder.assetcatalog; path = "Preview Assets.xcassets"; sourceTree = "<group>"; };
		6018FD64290E32E400DE65FA /* InfinityTests.xctest */ = {isa = PBXFileReference; explicitFileType = wrapper.cfbundle; includeInIndex = 0; path = InfinityTests.xctest; sourceTree = BUILT_PRODUCTS_DIR; };
		6018FD68290E32E400DE65FA /* InfinityTests.swift */ = {isa = PBXFileReference; lastKnownFileType = sourcecode.swift; path = InfinityTests.swift; sourceTree = "<group>"; };
		6018FD6E290E32E400DE65FA /* InfinityUITests.xctest */ = {isa = PBXFileReference; explicitFileType = wrapper.cfbundle; includeInIndex = 0; path = InfinityUITests.xctest; sourceTree = BUILT_PRODUCTS_DIR; };
		6018FD72290E32E400DE65FA /* InfinityUITests.swift */ = {isa = PBXFileReference; lastKnownFileType = sourcecode.swift; path = InfinityUITests.swift; sourceTree = "<group>"; };
		6018FD74290E32E400DE65FA /* InfinityUITestsLaunchTests.swift */ = {isa = PBXFileReference; lastKnownFileType = sourcecode.swift; path = InfinityUITestsLaunchTests.swift; sourceTree = "<group>"; };
		6018FD81290E37DE00DE65FA /* GrowingButton.swift */ = {isa = PBXFileReference; lastKnownFileType = sourcecode.swift; path = GrowingButton.swift; sourceTree = "<group>"; };
		6018FD83290E3F4700DE65FA /* GradientButton.swift */ = {isa = PBXFileReference; lastKnownFileType = sourcecode.swift; path = GradientButton.swift; sourceTree = "<group>"; };
/* End PBXFileReference section */

/* Begin PBXFrameworksBuildPhase section */
		6018FD50290E32E300DE65FA /* Frameworks */ = {
			isa = PBXFrameworksBuildPhase;
			buildActionMask = 2147483647;
			files = (
			);
			runOnlyForDeploymentPostprocessing = 0;
		};
		6018FD61290E32E400DE65FA /* Frameworks */ = {
			isa = PBXFrameworksBuildPhase;
			buildActionMask = 2147483647;
			files = (
			);
			runOnlyForDeploymentPostprocessing = 0;
		};
		6018FD6B290E32E400DE65FA /* Frameworks */ = {
			isa = PBXFrameworksBuildPhase;
			buildActionMask = 2147483647;
			files = (
			);
			runOnlyForDeploymentPostprocessing = 0;
		};
/* End PBXFrameworksBuildPhase section */

/* Begin PBXGroup section */
		6018FD4A290E32E300DE65FA = {
			isa = PBXGroup;
			children = (
				6018FD55290E32E300DE65FA /* Infinity */,
				6018FD67290E32E400DE65FA /* InfinityTests */,
				6018FD71290E32E400DE65FA /* InfinityUITests */,
				6018FD54290E32E300DE65FA /* Products */,
			);
			sourceTree = "<group>";
		};
		6018FD54290E32E300DE65FA /* Products */ = {
			isa = PBXGroup;
			children = (
				6018FD53290E32E300DE65FA /* Infinity.app */,
				6018FD64290E32E400DE65FA /* InfinityTests.xctest */,
				6018FD6E290E32E400DE65FA /* InfinityUITests.xctest */,
			);
			name = Products;
			sourceTree = "<group>";
		};
		6018FD55290E32E300DE65FA /* Infinity */ = {
			isa = PBXGroup;
			children = (
				6018FD56290E32E300DE65FA /* InfinityApp.swift */,
				6018FD58290E32E300DE65FA /* ContentView.swift */,
				6018FD81290E37DE00DE65FA /* GrowingButton.swift */,
				6018FD83290E3F4700DE65FA /* GradientButton.swift */,
				6018FD5A290E32E400DE65FA /* Assets.xcassets */,
				6018FD5C290E32E400DE65FA /* Infinity.entitlements */,
				6018FD5D290E32E400DE65FA /* Preview Content */,
			);
			path = Infinity;
			sourceTree = "<group>";
		};
		6018FD5D290E32E400DE65FA /* Preview Content */ = {
			isa = PBXGroup;
			children = (
				6018FD5E290E32E400DE65FA /* Preview Assets.xcassets */,
			);
			path = "Preview Content";
			sourceTree = "<group>";
		};
		6018FD67290E32E400DE65FA /* InfinityTests */ = {
			isa = PBXGroup;
			children = (
				6018FD68290E32E400DE65FA /* InfinityTests.swift */,
			);
			path = InfinityTests;
			sourceTree = "<group>";
		};
		6018FD71290E32E400DE65FA /* InfinityUITests */ = {
			isa = PBXGroup;
			children = (
				6018FD72290E32E400DE65FA /* InfinityUITests.swift */,
				6018FD74290E32E400DE65FA /* InfinityUITestsLaunchTests.swift */,
			);
			path = InfinityUITests;
			sourceTree = "<group>";
		};
/* End PBXGroup section */

/* Begin PBXNativeTarget section */
		6018FD52290E32E300DE65FA /* Infinity */ = {
			isa = PBXNativeTarget;
			buildConfigurationList = 6018FD78290E32E400DE65FA /* Build configuration list for PBXNativeTarget "Infinity" */;
			buildPhases = (
				6018FD4F290E32E300DE65FA /* Sources */,
				6018FD50290E32E300DE65FA /* Frameworks */,
				6018FD51290E32E300DE65FA /* Resources */,
			);
			buildRules = (
			);
			dependencies = (
			);
			name = Infinity;
			productName = Infinity;
			productReference = 6018FD53290E32E300DE65FA /* Infinity.app */;
			productType = "com.apple.product-type.application";
		};
		6018FD63290E32E400DE65FA /* InfinityTests */ = {
			isa = PBXNativeTarget;
			buildConfigurationList = 6018FD7B290E32E400DE65FA /* Build configuration list for PBXNativeTarget "InfinityTests" */;
			buildPhases = (
				6018FD60290E32E400DE65FA /* Sources */,
				6018FD61290E32E400DE65FA /* Frameworks */,
				6018FD62290E32E400DE65FA /* Resources */,
			);
			buildRules = (
			);
			dependencies = (
				6018FD66290E32E400DE65FA /* PBXTargetDependency */,
			);
			name = InfinityTests;
			productName = InfinityTests;
			productReference = 6018FD64290E32E400DE65FA /* InfinityTests.xctest */;
			productType = "com.apple.product-type.bundle.unit-test";
		};
		6018FD6D290E32E400DE65FA /* InfinityUITests */ = {
			isa = PBXNativeTarget;
			buildConfigurationList = 6018FD7E290E32E400DE65FA /* Build configuration list for PBXNativeTarget "InfinityUITests" */;
			buildPhases = (
				6018FD6A290E32E400DE65FA /* Sources */,
				6018FD6B290E32E400DE65FA /* Frameworks */,
				6018FD6C290E32E400DE65FA /* Resources */,
			);
			buildRules = (
			);
			dependencies = (
				6018FD70290E32E400DE65FA /* PBXTargetDependency */,
			);
			name = InfinityUITests;
			productName = InfinityUITests;
			productReference = 6018FD6E290E32E400DE65FA /* InfinityUITests.xctest */;
			productType = "com.apple.product-type.bundle.ui-testing";
		};
/* End PBXNativeTarget section */

/* Begin PBXProject section */
		6018FD4B290E32E300DE65FA /* Project object */ = {
			isa = PBXProject;
			attributes = {
				BuildIndependentTargetsInParallel = 1;
				LastSwiftUpdateCheck = 1400;
				LastUpgradeCheck = 1400;
				TargetAttributes = {
					6018FD52290E32E300DE65FA = {
						CreatedOnToolsVersion = 14.0.1;
					};
					6018FD63290E32E400DE65FA = {
						CreatedOnToolsVersion = 14.0.1;
						TestTargetID = 6018FD52290E32E300DE65FA;
					};
					6018FD6D290E32E400DE65FA = {
						CreatedOnToolsVersion = 14.0.1;
						TestTargetID = 6018FD52290E32E300DE65FA;
					};
				};
			};
			buildConfigurationList = 6018FD4E290E32E300DE65FA /* Build configuration list for PBXProject "Infinity" */;
			compatibilityVersion = "Xcode 14.0";
			developmentRegion = en;
			hasScannedForEncodings = 0;
			knownRegions = (
				en,
				Base,
			);
			mainGroup = 6018FD4A290E32E300DE65FA;
			productRefGroup = 6018FD54290E32E300DE65FA /* Products */;
			projectDirPath = "";
			projectRoot = "";
			targets = (
				6018FD52290E32E300DE65FA /* Infinity */,
				6018FD63290E32E400DE65FA /* InfinityTests */,
				6018FD6D290E32E400DE65FA /* InfinityUITests */,
			);
		};
/* End PBXProject section */

/* Begin PBXResourcesBuildPhase section */
		6018FD51290E32E300DE65FA /* Resources */ = {
			isa = PBXResourcesBuildPhase;
			buildActionMask = 2147483647;
			files = (
				6018FD5F290E32E400DE65FA /* Preview Assets.xcassets in Resources */,
				6018FD5B290E32E400DE65FA /* Assets.xcassets in Resources */,
			);
			runOnlyForDeploymentPostprocessing = 0;
		};
		6018FD62290E32E400DE65FA /* Resources */ = {
			isa = PBXResourcesBuildPhase;
			buildActionMask = 2147483647;
			files = (
			);
			runOnlyForDeploymentPostprocessing = 0;
		};
		6018FD6C290E32E400DE65FA /* Resources */ = {
			isa = PBXResourcesBuildPhase;
			buildActionMask = 2147483647;
			files = (
			);
			runOnlyForDeploymentPostprocessing = 0;
		};
/* End PBXResourcesBuildPhase section */

/* Begin PBXSourcesBuildPhase section */
		6018FD4F290E32E300DE65FA /* Sources */ = {
			isa = PBXSourcesBuildPhase;
			buildActionMask = 2147483647;
			files = (
				6018FD59290E32E300DE65FA /* ContentView.swift in Sources */,
				6018FD84290E3F4700DE65FA /* GradientButton.swift in Sources */,
				6018FD57290E32E300DE65FA /* InfinityApp.swift in Sources */,
				6018FD82290E37DE00DE65FA /* GrowingButton.swift in Sources */,
			);
			runOnlyForDeploymentPostprocessing = 0;
		};
		6018FD60290E32E400DE65FA /* Sources */ = {
			isa = PBXSourcesBuildPhase;
			buildActionMask = 2147483647;
			files = (
				6018FD69290E32E400DE65FA /* InfinityTests.swift in Sources */,
			);
			runOnlyForDeploymentPostprocessing = 0;
		};
		6018FD6A290E32E400DE65FA /* Sources */ = {
			isa = PBXSourcesBuildPhase;
			buildActionMask = 2147483647;
			files = (
				6018FD75290E32E400DE65FA /* InfinityUITestsLaunchTests.swift in Sources */,
				6018FD73290E32E400DE65FA /* InfinityUITests.swift in Sources */,
			);
			runOnlyForDeploymentPostprocessing = 0;
		};
/* End PBXSourcesBuildPhase section */

/* Begin PBXTargetDependency section */
		6018FD66290E32E400DE65FA /* PBXTargetDependency */ = {
			isa = PBXTargetDependency;
			target = 6018FD52290E32E300DE65FA /* Infinity */;
			targetProxy = 6018FD65290E32E400DE65FA /* PBXContainerItemProxy */;
		};
		6018FD70290E32E400DE65FA /* PBXTargetDependency */ = {
			isa = PBXTargetDependency;
			target = 6018FD52290E32E300DE65FA /* Infinity */;
			targetProxy = 6018FD6F290E32E400DE65FA /* PBXContainerItemProxy */;
		};
/* End PBXTargetDependency section */

/* Begin XCBuildConfiguration section */
		6018FD76290E32E400DE65FA /* Debug */ = {
			isa = XCBuildConfiguration;
			buildSettings = {
				ALWAYS_SEARCH_USER_PATHS = NO;
				CLANG_ANALYZER_NONNULL = YES;
				CLANG_ANALYZER_NUMBER_OBJECT_CONVERSION = YES_AGGRESSIVE;
				CLANG_CXX_LANGUAGE_STANDARD = "gnu++20";
				CLANG_ENABLE_MODULES = YES;
				CLANG_ENABLE_OBJC_ARC = YES;
				CLANG_ENABLE_OBJC_WEAK = YES;
				CLANG_WARN_BLOCK_CAPTURE_AUTORELEASING = YES;
				CLANG_WARN_BOOL_CONVERSION = YES;
				CLANG_WARN_COMMA = YES;
				CLANG_WARN_CONSTANT_CONVERSION = YES;
				CLANG_WARN_DEPRECATED_OBJC_IMPLEMENTATIONS = YES;
				CLANG_WARN_DIRECT_OBJC_ISA_USAGE = YES_ERROR;
				CLANG_WARN_DOCUMENTATION_COMMENTS = YES;
				CLANG_WARN_EMPTY_BODY = YES;
				CLANG_WARN_ENUM_CONVERSION = YES;
				CLANG_WARN_INFINITE_RECURSION = YES;
				CLANG_WARN_INT_CONVERSION = YES;
				CLANG_WARN_NON_LITERAL_NULL_CONVERSION = YES;
				CLANG_WARN_OBJC_IMPLICIT_RETAIN_SELF = YES;
				CLANG_WARN_OBJC_LITERAL_CONVERSION = YES;
				CLANG_WARN_OBJC_ROOT_CLASS = YES_ERROR;
				CLANG_WARN_QUOTED_INCLUDE_IN_FRAMEWORK_HEADER = YES;
				CLANG_WARN_RANGE_LOOP_ANALYSIS = YES;
				CLANG_WARN_STRICT_PROTOTYPES = YES;
				CLANG_WARN_SUSPICIOUS_MOVE = YES;
				CLANG_WARN_UNGUARDED_AVAILABILITY = YES_AGGRESSIVE;
				CLANG_WARN_UNREACHABLE_CODE = YES;
				CLANG_WARN__DUPLICATE_METHOD_MATCH = YES;
				COPY_PHASE_STRIP = NO;
				DEBUG_INFORMATION_FORMAT = dwarf;
				ENABLE_STRICT_OBJC_MSGSEND = YES;
				ENABLE_TESTABILITY = YES;
				GCC_C_LANGUAGE_STANDARD = gnu11;
				GCC_DYNAMIC_NO_PIC = NO;
				GCC_NO_COMMON_BLOCKS = YES;
				GCC_OPTIMIZATION_LEVEL = 0;
				GCC_PREPROCESSOR_DEFINITIONS = (
					"DEBUG=1",
					"$(inherited)",
				);
				GCC_WARN_64_TO_32_BIT_CONVERSION = YES;
				GCC_WARN_ABOUT_RETURN_TYPE = YES_ERROR;
				GCC_WARN_UNDECLARED_SELECTOR = YES;
				GCC_WARN_UNINITIALIZED_AUTOS = YES_AGGRESSIVE;
				GCC_WARN_UNUSED_FUNCTION = YES;
				GCC_WARN_UNUSED_VARIABLE = YES;
				MTL_ENABLE_DEBUG_INFO = INCLUDE_SOURCE;
				MTL_FAST_MATH = YES;
				ONLY_ACTIVE_ARCH = YES;
				SWIFT_ACTIVE_COMPILATION_CONDITIONS = DEBUG;
				SWIFT_OPTIMIZATION_LEVEL = "-Onone";
			};
			name = Debug;
		};
		6018FD77290E32E400DE65FA /* Release */ = {
			isa = XCBuildConfiguration;
			buildSettings = {
				ALWAYS_SEARCH_USER_PATHS = NO;
				CLANG_ANALYZER_NONNULL = YES;
				CLANG_ANALYZER_NUMBER_OBJECT_CONVERSION = YES_AGGRESSIVE;
				CLANG_CXX_LANGUAGE_STANDARD = "gnu++20";
				CLANG_ENABLE_MODULES = YES;
				CLANG_ENABLE_OBJC_ARC = YES;
				CLANG_ENABLE_OBJC_WEAK = YES;
				CLANG_WARN_BLOCK_CAPTURE_AUTORELEASING = YES;
				CLANG_WARN_BOOL_CONVERSION = YES;
				CLANG_WARN_COMMA = YES;
				CLANG_WARN_CONSTANT_CONVERSION = YES;
				CLANG_WARN_DEPRECATED_OBJC_IMPLEMENTATIONS = YES;
				CLANG_WARN_DIRECT_OBJC_ISA_USAGE = YES_ERROR;
				CLANG_WARN_DOCUMENTATION_COMMENTS = YES;
				CLANG_WARN_EMPTY_BODY = YES;
				CLANG_WARN_ENUM_CONVERSION = YES;
				CLANG_WARN_INFINITE_RECURSION = YES;
				CLANG_WARN_INT_CONVERSION = YES;
				CLANG_WARN_NON_LITERAL_NULL_CONVERSION = YES;
				CLANG_WARN_OBJC_IMPLICIT_RETAIN_SELF = YES;
				CLANG_WARN_OBJC_LITERAL_CONVERSION = YES;
				CLANG_WARN_OBJC_ROOT_CLASS = YES_ERROR;
				CLANG_WARN_QUOTED_INCLUDE_IN_FRAMEWORK_HEADER = YES;
				CLANG_WARN_RANGE_LOOP_ANALYSIS = YES;
				CLANG_WARN_STRICT_PROTOTYPES = YES;
				CLANG_WARN_SUSPICIOUS_MOVE = YES;
				CLANG_WARN_UNGUARDED_AVAILABILITY = YES_AGGRESSIVE;
				CLANG_WARN_UNREACHABLE_CODE = YES;
				CLANG_WARN__DUPLICATE_METHOD_MATCH = YES;
				COPY_PHASE_STRIP = NO;
				DEBUG_INFORMATION_FORMAT = "dwarf-with-dsym";
				ENABLE_NS_ASSERTIONS = NO;
				ENABLE_STRICT_OBJC_MSGSEND = YES;
				GCC_C_LANGUAGE_STANDARD = gnu11;
				GCC_NO_COMMON_BLOCKS = YES;
				GCC_WARN_64_TO_32_BIT_CONVERSION = YES;
				GCC_WARN_ABOUT_RETURN_TYPE = YES_ERROR;
				GCC_WARN_UNDECLARED_SELECTOR = YES;
				GCC_WARN_UNINITIALIZED_AUTOS = YES_AGGRESSIVE;
				GCC_WARN_UNUSED_FUNCTION = YES;
				GCC_WARN_UNUSED_VARIABLE = YES;
				MTL_ENABLE_DEBUG_INFO = NO;
				MTL_FAST_MATH = YES;
				SWIFT_COMPILATION_MODE = wholemodule;
				SWIFT_OPTIMIZATION_LEVEL = "-O";
			};
			name = Release;
		};
		6018FD79290E32E400DE65FA /* Debug */ = {
			isa = XCBuildConfiguration;
			buildSettings = {
				ASSETCATALOG_COMPILER_APPICON_NAME = AppIcon;
				ASSETCATALOG_COMPILER_GLOBAL_ACCENT_COLOR_NAME = AccentColor;
				CODE_SIGN_ENTITLEMENTS = Infinity/Infinity.entitlements;
				CODE_SIGN_STYLE = Automatic;
				CURRENT_PROJECT_VERSION = 1;
				DEVELOPMENT_ASSET_PATHS = "\"Infinity/Preview Content\"";
				DEVELOPMENT_TEAM = Q8Q4RHHMN7;
				ENABLE_HARDENED_RUNTIME = YES;
				ENABLE_PREVIEWS = YES;
				GENERATE_INFOPLIST_FILE = YES;
				"INFOPLIST_KEY_UIApplicationSceneManifest_Generation[sdk=iphoneos*]" = YES;
				"INFOPLIST_KEY_UIApplicationSceneManifest_Generation[sdk=iphonesimulator*]" = YES;
				"INFOPLIST_KEY_UIApplicationSupportsIndirectInputEvents[sdk=iphoneos*]" = YES;
				"INFOPLIST_KEY_UIApplicationSupportsIndirectInputEvents[sdk=iphonesimulator*]" = YES;
				"INFOPLIST_KEY_UILaunchScreen_Generation[sdk=iphoneos*]" = YES;
				"INFOPLIST_KEY_UILaunchScreen_Generation[sdk=iphonesimulator*]" = YES;
				"INFOPLIST_KEY_UIStatusBarStyle[sdk=iphoneos*]" = UIStatusBarStyleDefault;
				"INFOPLIST_KEY_UIStatusBarStyle[sdk=iphonesimulator*]" = UIStatusBarStyleDefault;
				INFOPLIST_KEY_UISupportedInterfaceOrientations_iPad = "UIInterfaceOrientationPortrait UIInterfaceOrientationPortraitUpsideDown UIInterfaceOrientationLandscapeLeft UIInterfaceOrientationLandscapeRight";
				INFOPLIST_KEY_UISupportedInterfaceOrientations_iPhone = "UIInterfaceOrientationPortrait UIInterfaceOrientationLandscapeLeft UIInterfaceOrientationLandscapeRight";
				IPHONEOS_DEPLOYMENT_TARGET = 16.0;
				LD_RUNPATH_SEARCH_PATHS = "@executable_path/Frameworks";
				"LD_RUNPATH_SEARCH_PATHS[sdk=macosx*]" = "@executable_path/../Frameworks";
				MACOSX_DEPLOYMENT_TARGET = 12.3;
				MARKETING_VERSION = 1.0;
				PRODUCT_BUNDLE_IDENTIFIER = net.tekbyte.Infinity;
				PRODUCT_NAME = "$(TARGET_NAME)";
				SDKROOT = auto;
				SUPPORTED_PLATFORMS = "iphoneos iphonesimulator macosx";
				SWIFT_EMIT_LOC_STRINGS = YES;
				SWIFT_VERSION = 5.0;
				TARGETED_DEVICE_FAMILY = "1,2";
			};
			name = Debug;
		};
		6018FD7A290E32E400DE65FA /* Release */ = {
			isa = XCBuildConfiguration;
			buildSettings = {
				ASSETCATALOG_COMPILER_APPICON_NAME = AppIcon;
				ASSETCATALOG_COMPILER_GLOBAL_ACCENT_COLOR_NAME = AccentColor;
				CODE_SIGN_ENTITLEMENTS = Infinity/Infinity.entitlements;
				CODE_SIGN_STYLE = Automatic;
				CURRENT_PROJECT_VERSION = 1;
				DEVELOPMENT_ASSET_PATHS = "\"Infinity/Preview Content\"";
				DEVELOPMENT_TEAM = Q8Q4RHHMN7;
				ENABLE_HARDENED_RUNTIME = YES;
				ENABLE_PREVIEWS = YES;
				GENERATE_INFOPLIST_FILE = YES;
				"INFOPLIST_KEY_UIApplicationSceneManifest_Generation[sdk=iphoneos*]" = YES;
				"INFOPLIST_KEY_UIApplicationSceneManifest_Generation[sdk=iphonesimulator*]" = YES;
				"INFOPLIST_KEY_UIApplicationSupportsIndirectInputEvents[sdk=iphoneos*]" = YES;
				"INFOPLIST_KEY_UIApplicationSupportsIndirectInputEvents[sdk=iphonesimulator*]" = YES;
				"INFOPLIST_KEY_UILaunchScreen_Generation[sdk=iphoneos*]" = YES;
				"INFOPLIST_KEY_UILaunchScreen_Generation[sdk=iphonesimulator*]" = YES;
				"INFOPLIST_KEY_UIStatusBarStyle[sdk=iphoneos*]" = UIStatusBarStyleDefault;
				"INFOPLIST_KEY_UIStatusBarStyle[sdk=iphonesimulator*]" = UIStatusBarStyleDefault;
				INFOPLIST_KEY_UISupportedInterfaceOrientations_iPad = "UIInterfaceOrientationPortrait UIInterfaceOrientationPortraitUpsideDown UIInterfaceOrientationLandscapeLeft UIInterfaceOrientationLandscapeRight";
				INFOPLIST_KEY_UISupportedInterfaceOrientations_iPhone = "UIInterfaceOrientationPortrait UIInterfaceOrientationLandscapeLeft UIInterfaceOrientationLandscapeRight";
				IPHONEOS_DEPLOYMENT_TARGET = 16.0;
				LD_RUNPATH_SEARCH_PATHS = "@executable_path/Frameworks";
				"LD_RUNPATH_SEARCH_PATHS[sdk=macosx*]" = "@executable_path/../Frameworks";
				MACOSX_DEPLOYMENT_TARGET = 12.3;
				MARKETING_VERSION = 1.0;
				PRODUCT_BUNDLE_IDENTIFIER = net.tekbyte.Infinity;
				PRODUCT_NAME = "$(TARGET_NAME)";
				SDKROOT = auto;
				SUPPORTED_PLATFORMS = "iphoneos iphonesimulator macosx";
				SWIFT_EMIT_LOC_STRINGS = YES;
				SWIFT_VERSION = 5.0;
				TARGETED_DEVICE_FAMILY = "1,2";
			};
			name = Release;
		};
		6018FD7C290E32E400DE65FA /* Debug */ = {
			isa = XCBuildConfiguration;
			buildSettings = {
				ALWAYS_EMBED_SWIFT_STANDARD_LIBRARIES = YES;
				BUNDLE_LOADER = "$(TEST_HOST)";
				CODE_SIGN_STYLE = Automatic;
				CURRENT_PROJECT_VERSION = 1;
				DEVELOPMENT_TEAM = Q8Q4RHHMN7;
				GENERATE_INFOPLIST_FILE = YES;
				IPHONEOS_DEPLOYMENT_TARGET = 16.0;
				MACOSX_DEPLOYMENT_TARGET = 12.3;
				MARKETING_VERSION = 1.0;
				PRODUCT_BUNDLE_IDENTIFIER = net.tekbyte.InfinityTests;
				PRODUCT_NAME = "$(TARGET_NAME)";
				SDKROOT = auto;
				SUPPORTED_PLATFORMS = "iphoneos iphonesimulator macosx";
				SWIFT_EMIT_LOC_STRINGS = NO;
				SWIFT_VERSION = 5.0;
				TARGETED_DEVICE_FAMILY = "1,2";
				TEST_HOST = "$(BUILT_PRODUCTS_DIR)/Infinity.app/$(BUNDLE_EXECUTABLE_FOLDER_PATH)/Infinity";
			};
			name = Debug;
		};
		6018FD7D290E32E400DE65FA /* Release */ = {
			isa = XCBuildConfiguration;
			buildSettings = {
				ALWAYS_EMBED_SWIFT_STANDARD_LIBRARIES = YES;
				BUNDLE_LOADER = "$(TEST_HOST)";
				CODE_SIGN_STYLE = Automatic;
				CURRENT_PROJECT_VERSION = 1;
				DEVELOPMENT_TEAM = Q8Q4RHHMN7;
				GENERATE_INFOPLIST_FILE = YES;
				IPHONEOS_DEPLOYMENT_TARGET = 16.0;
				MACOSX_DEPLOYMENT_TARGET = 12.3;
				MARKETING_VERSION = 1.0;
				PRODUCT_BUNDLE_IDENTIFIER = net.tekbyte.InfinityTests;
				PRODUCT_NAME = "$(TARGET_NAME)";
				SDKROOT = auto;
				SUPPORTED_PLATFORMS = "iphoneos iphonesimulator macosx";
				SWIFT_EMIT_LOC_STRINGS = NO;
				SWIFT_VERSION = 5.0;
				TARGETED_DEVICE_FAMILY = "1,2";
				TEST_HOST = "$(BUILT_PRODUCTS_DIR)/Infinity.app/$(BUNDLE_EXECUTABLE_FOLDER_PATH)/Infinity";
			};
			name = Release;
		};
		6018FD7F290E32E400DE65FA /* Debug */ = {
			isa = XCBuildConfiguration;
			buildSettings = {
				ALWAYS_EMBED_SWIFT_STANDARD_LIBRARIES = YES;
				CODE_SIGN_STYLE = Automatic;
				CURRENT_PROJECT_VERSION = 1;
				DEVELOPMENT_TEAM = Q8Q4RHHMN7;
				GENERATE_INFOPLIST_FILE = YES;
				IPHONEOS_DEPLOYMENT_TARGET = 16.0;
				MACOSX_DEPLOYMENT_TARGET = 12.3;
				MARKETING_VERSION = 1.0;
				PRODUCT_BUNDLE_IDENTIFIER = net.tekbyte.InfinityUITests;
				PRODUCT_NAME = "$(TARGET_NAME)";
				SDKROOT = auto;
				SUPPORTED_PLATFORMS = "iphoneos iphonesimulator macosx";
				SWIFT_EMIT_LOC_STRINGS = NO;
				SWIFT_VERSION = 5.0;
				TARGETED_DEVICE_FAMILY = "1,2";
				TEST_TARGET_NAME = Infinity;
			};
			name = Debug;
		};
		6018FD80290E32E400DE65FA /* Release */ = {
			isa = XCBuildConfiguration;
			buildSettings = {
				ALWAYS_EMBED_SWIFT_STANDARD_LIBRARIES = YES;
				CODE_SIGN_STYLE = Automatic;
				CURRENT_PROJECT_VERSION = 1;
				DEVELOPMENT_TEAM = Q8Q4RHHMN7;
				GENERATE_INFOPLIST_FILE = YES;
				IPHONEOS_DEPLOYMENT_TARGET = 16.0;
				MACOSX_DEPLOYMENT_TARGET = 12.3;
				MARKETING_VERSION = 1.0;
				PRODUCT_BUNDLE_IDENTIFIER = net.tekbyte.InfinityUITests;
				PRODUCT_NAME = "$(TARGET_NAME)";
				SDKROOT = auto;
				SUPPORTED_PLATFORMS = "iphoneos iphonesimulator macosx";
				SWIFT_EMIT_LOC_STRINGS = NO;
				SWIFT_VERSION = 5.0;
				TARGETED_DEVICE_FAMILY = "1,2";
				TEST_TARGET_NAME = Infinity;
			};
			name = Release;
		};
/* End XCBuildConfiguration section */

/* Begin XCConfigurationList section */
		6018FD4E290E32E300DE65FA /* Build configuration list for PBXProject "Infinity" */ = {
			isa = XCConfigurationList;
			buildConfigurations = (
				6018FD76290E32E400DE65FA /* Debug */,
				6018FD77290E32E400DE65FA /* Release */,
			);
			defaultConfigurationIsVisible = 0;
			defaultConfigurationName = Release;
		};
		6018FD78290E32E400DE65FA /* Build configuration list for PBXNativeTarget "Infinity" */ = {
			isa = XCConfigurationList;
			buildConfigurations = (
				6018FD79290E32E400DE65FA /* Debug */,
				6018FD7A290E32E400DE65FA /* Release */,
			);
			defaultConfigurationIsVisible = 0;
			defaultConfigurationName = Release;
		};
		6018FD7B290E32E400DE65FA /* Build configuration list for PBXNativeTarget "InfinityTests" */ = {
			isa = XCConfigurationList;
			buildConfigurations = (
				6018FD7C290E32E400DE65FA /* Debug */,
				6018FD7D290E32E400DE65FA /* Release */,
			);
			defaultConfigurationIsVisible = 0;
			defaultConfigurationName = Release;
		};
		6018FD7E290E32E400DE65FA /* Build configuration list for PBXNativeTarget "InfinityUITests" */ = {
			isa = XCConfigurationList;
			buildConfigurations = (
				6018FD7F290E32E400DE65FA /* Debug */,
				6018FD80290E32E400DE65FA /* Release */,
			);
			defaultConfigurationIsVisible = 0;
			defaultConfigurationName = Release;
		};
/* End XCConfigurationList section */
	};
	rootObject = 6018FD4B290E32E300DE65FA /* Project object */;
}
